
Microsoft Visual Studio Solution File, Format Version 12.00
Project("{FAE04EC0-301F-11D3-BF4B-00C04F79EFBC}") = "Application", "Application\Application.csproj", "{730AB428-EB6E-40B1-A4C8-A57444B355C9}"
EndProject
Project("{FAE04EC0-301F-11D3-BF4B-00C04F79EFBC}") = "Infrastructure", "Infrastructure\Infrastructure.csproj", "{5278DE53-EED7-4D5E-B792-17CA7166BE60}"
EndProject
Project("{FAE04EC0-301F-11D3-BF4B-00C04F79EFBC}") = "Domain", "Domain\Domain.csproj", "{2B446008-8D72-4DA7-A4ED-3B4D5B241B0D}"
EndProject
Project("{FAE04EC0-301F-11D3-BF4B-00C04F79EFBC}") = "Api", "Api\Api.csproj", "{8020A6A0-F317-423C-B904-1CE240495B13}"
EndProject
Project("{FAE04EC0-301F-11D3-BF4B-00C04F79EFBC}") = "WebAdmin", "WebAdmin\WebAdmin.csproj", "{8B7153D5-1CE2-4C38-80A0-FE162FEEB623}"
EndProject
Global
	GlobalSection(SolutionConfigurationPlatforms) = preSolution
		Debug|Any CPU = Debug|Any CPU
		Release|Any CPU = Release|Any CPU
	EndGlobalSection
	GlobalSection(ProjectConfigurationPlatforms) = postSolution
		{730AB428-EB6E-40B1-A4C8-A57444B355C9}.Debug|Any CPU.ActiveCfg = Debug|Any CPU
		{730AB428-EB6E-40B1-A4C8-A57444B355C9}.Debug|Any CPU.Build.0 = Debug|Any CPU
		{730AB428-EB6E-40B1-A4C8-A57444B355C9}.Release|Any CPU.ActiveCfg = Release|Any CPU
		{730AB428-EB6E-40B1-A4C8-A57444B355C9}.Release|Any CPU.Build.0 = Release|Any CPU
		{5278DE53-EED7-4D5E-B792-17CA7166BE60}.Debug|Any CPU.ActiveCfg = Debug|Any CPU
		{5278DE53-EED7-4D5E-B792-17CA7166BE60}.Debug|Any CPU.Build.0 = Debug|Any CPU
		{5278DE53-EED7-4D5E-B792-17CA7166BE60}.Release|Any CPU.ActiveCfg = Release|Any CPU
		{5278DE53-EED7-4D5E-B792-17CA7166BE60}.Release|Any CPU.Build.0 = Release|Any CPU
		{2B446008-8D72-4DA7-A4ED-3B4D5B241B0D}.Debug|Any CPU.ActiveCfg = Debug|Any CPU
		{2B446008-8D72-4DA7-A4ED-3B4D5B241B0D}.Debug|Any CPU.Build.0 = Debug|Any CPU
		{2B446008-8D72-4DA7-A4ED-3B4D5B241B0D}.Release|Any CPU.ActiveCfg = Release|Any CPU
		{2B446008-8D72-4DA7-A4ED-3B4D5B241B0D}.Release|Any CPU.Build.0 = Release|Any CPU
		{8020A6A0-F317-423C-B904-1CE240495B13}.Debug|Any CPU.ActiveCfg = Debug|Any CPU
		{8020A6A0-F317-423C-B904-1CE240495B13}.Debug|Any CPU.Build.0 = Debug|Any CPU
		{8020A6A0-F317-423C-B904-1CE240495B13}.Release|Any CPU.ActiveCfg = Release|Any CPU
		{8020A6A0-F317-423C-B904-1CE240495B13}.Release|Any CPU.Build.0 = Release|Any CPU
		{8B7153D5-1CE2-4C38-80A0-FE162FEEB623}.Debug|Any CPU.ActiveCfg = Debug|Any CPU
		{8B7153D5-1CE2-4C38-80A0-FE162FEEB623}.Debug|Any CPU.Build.0 = Debug|Any CPU
		{8B7153D5-1CE2-4C38-80A0-FE162FEEB623}.Release|Any CPU.ActiveCfg = Release|Any CPU
		{8B7153D5-1CE2-4C38-80A0-FE162FEEB623}.Release|Any CPU.Build.0 = Release|Any CPU
	EndGlobalSection
EndGlobal
